
Microsoft Visual Studio Solution File, Format Version 12.00
# Visual Studio 15
VisualStudioVersion = 15.0.26430.6
MinimumVisualStudioVersion = 10.0.40219.1
Project("{FAE04EC0-301F-11D3-BF4B-00C04F79EFBC}") = "CopyPartNumbers", "CopyPartNumbers\CopyPartNumbers.csproj", "{2F88B3E9-E0E9-435B-A51F-89DD89E13C04}"
EndProject
Global
	GlobalSection(SolutionConfigurationPlatforms) = preSolution
		Debug|Any CPU = Debug|Any CPU
		Release|Any CPU = Release|Any CPU
	EndGlobalSection
	GlobalSection(ProjectConfigurationPlatforms) = postSolution
		{2F88B3E9-E0E9-435B-A51F-89DD89E13C04}.Debug|Any CPU.ActiveCfg = Debug|Any CPU
		{2F88B3E9-E0E9-435B-A51F-89DD89E13C04}.Debug|Any CPU.Build.0 = Debug|Any CPU
		{2F88B3E9-E0E9-435B-A51F-89DD89E13C04}.Release|Any CPU.ActiveCfg = Release|Any CPU
		{2F88B3E9-E0E9-435B-A51F-89DD89E13C04}.Release|Any CPU.Build.0 = Release|Any CPU
	EndGlobalSection
	GlobalSection(SolutionProperties) = preSolution
		HideSolutionNode = FALSE
	EndGlobalSection
EndGlobal
